
Microsoft Visual Studio Solution File, Format Version 12.00
# Visual Studio 15
VisualStudioVersion = 15.0.28307.539
MinimumVisualStudioVersion = 10.0.40219.1
Project("{9A19103F-16F7-4668-BE54-9A1E7A4F7556}") = "news", "news\news.csproj", "{02133622-D77F-4062-AC26-C4E76AFD48BD}"
EndProject
Project("{FAE04EC0-301F-11D3-BF4B-00C04F79EFBC}") = "NewsFetcherApi", "NewsFetcherApi\NewsFetcherApi.csproj", "{671C20BA-F8AD-49A6-BB90-E58253321457}"
EndProject
Project("{FAE04EC0-301F-11D3-BF4B-00C04F79EFBC}") = "NewsFetchingTestProject", "NewsFetchingTestProject\NewsFetchingTestProject.csproj", "{D0790D5B-0E92-4D7D-BB9D-C204572F8AD8}"
EndProject
Global
	GlobalSection(SolutionConfigurationPlatforms) = preSolution
		Debug|Any CPU = Debug|Any CPU
		Release|Any CPU = Release|Any CPU
	EndGlobalSection
	GlobalSection(ProjectConfigurationPlatforms) = postSolution
		{02133622-D77F-4062-AC26-C4E76AFD48BD}.Debug|Any CPU.ActiveCfg = Debug|Any CPU
		{02133622-D77F-4062-AC26-C4E76AFD48BD}.Debug|Any CPU.Build.0 = Debug|Any CPU
		{02133622-D77F-4062-AC26-C4E76AFD48BD}.Release|Any CPU.ActiveCfg = Release|Any CPU
		{02133622-D77F-4062-AC26-C4E76AFD48BD}.Release|Any CPU.Build.0 = Release|Any CPU
		{671C20BA-F8AD-49A6-BB90-E58253321457}.Debug|Any CPU.ActiveCfg = Debug|Any CPU
		{671C20BA-F8AD-49A6-BB90-E58253321457}.Debug|Any CPU.Build.0 = Debug|Any CPU
		{671C20BA-F8AD-49A6-BB90-E58253321457}.Release|Any CPU.ActiveCfg = Release|Any CPU
		{671C20BA-F8AD-49A6-BB90-E58253321457}.Release|Any CPU.Build.0 = Release|Any CPU
		{D0790D5B-0E92-4D7D-BB9D-C204572F8AD8}.Debug|Any CPU.ActiveCfg = Debug|Any CPU
		{D0790D5B-0E92-4D7D-BB9D-C204572F8AD8}.Debug|Any CPU.Build.0 = Debug|Any CPU
		{D0790D5B-0E92-4D7D-BB9D-C204572F8AD8}.Release|Any CPU.ActiveCfg = Release|Any CPU
		{D0790D5B-0E92-4D7D-BB9D-C204572F8AD8}.Release|Any CPU.Build.0 = Release|Any CPU
	EndGlobalSection
	GlobalSection(SolutionProperties) = preSolution
		HideSolutionNode = FALSE
	EndGlobalSection
	GlobalSection(ExtensibilityGlobals) = postSolution
		SolutionGuid = {BC0B22B7-DA36-4253-A7EF-34F5AD67EB75}
	EndGlobalSection
EndGlobal
